
Microsoft Visual Studio Solution File, Format Version 12.00
# Visual Studio Version 17
VisualStudioVersion = 17.4.33205.214
MinimumVisualStudioVersion = 10.0.40219.1
Project("{888888A0-9F3D-457C-B088-3A5042F75D52}") = "LOGITpv23_Linter", "LOGITpv23_Linter.pyproj", "{F9E395A4-0D8B-4E26-9C56-D2EE6F12516D}"
EndProject
Global
	GlobalSection(SolutionConfigurationPlatforms) = preSolution
		Debug|Any CPU = Debug|Any CPU
		Release|Any CPU = Release|Any CPU
	EndGlobalSection
	GlobalSection(ProjectConfigurationPlatforms) = postSolution
		{F9E395A4-0D8B-4E26-9C56-D2EE6F12516D}.Debug|Any CPU.ActiveCfg = Debug|Any CPU
		{F9E395A4-0D8B-4E26-9C56-D2EE6F12516D}.Release|Any CPU.ActiveCfg = Release|Any CPU
	EndGlobalSection
	GlobalSection(SolutionProperties) = preSolution
		HideSolutionNode = FALSE
	EndGlobalSection
	GlobalSection(ExtensibilityGlobals) = postSolution
		SolutionGuid = {A91232D2-0645-4453-A576-7DE76A57CFB3}
	EndGlobalSection
EndGlobal
